
Microsoft Visual Studio Solution File, Format Version 12.00
# Visual Studio Version 17
VisualStudioVersion = 17.2.32602.215
MinimumVisualStudioVersion = 10.0.40219.1
Project("{FAE04EC0-301F-11D3-BF4B-00C04F79EFBC}") = "EcommerceWebAPI", "EcommerceWebAPI\EcommerceWebAPI.csproj", "{A6817A6F-B4DE-409D-B9E1-EE52583DCAAD}"
EndProject
Project("{FAE04EC0-301F-11D3-BF4B-00C04F79EFBC}") = "EcommerceMVC_WebUI", "EcommerceMVC_WebUI\EcommerceMVC_WebUI.csproj", "{B613490A-777A-4D21-AEB8-CAD15A5ED732}"
EndProject
Global
	GlobalSection(SolutionConfigurationPlatforms) = preSolution
		Debug|Any CPU = Debug|Any CPU
		Release|Any CPU = Release|Any CPU
	EndGlobalSection
	GlobalSection(ProjectConfigurationPlatforms) = postSolution
		{A6817A6F-B4DE-409D-B9E1-EE52583DCAAD}.Debug|Any CPU.ActiveCfg = Debug|Any CPU
		{A6817A6F-B4DE-409D-B9E1-EE52583DCAAD}.Debug|Any CPU.Build.0 = Debug|Any CPU
		{A6817A6F-B4DE-409D-B9E1-EE52583DCAAD}.Release|Any CPU.ActiveCfg = Release|Any CPU
		{A6817A6F-B4DE-409D-B9E1-EE52583DCAAD}.Release|Any CPU.Build.0 = Release|Any CPU
		{B613490A-777A-4D21-AEB8-CAD15A5ED732}.Debug|Any CPU.ActiveCfg = Debug|Any CPU
		{B613490A-777A-4D21-AEB8-CAD15A5ED732}.Debug|Any CPU.Build.0 = Debug|Any CPU
		{B613490A-777A-4D21-AEB8-CAD15A5ED732}.Release|Any CPU.ActiveCfg = Release|Any CPU
		{B613490A-777A-4D21-AEB8-CAD15A5ED732}.Release|Any CPU.Build.0 = Release|Any CPU
	EndGlobalSection
	GlobalSection(SolutionProperties) = preSolution
		HideSolutionNode = FALSE
	EndGlobalSection
	GlobalSection(ExtensibilityGlobals) = postSolution
		SolutionGuid = {6FF569B4-53E5-4344-ACB0-2AFA06A49677}
	EndGlobalSection
EndGlobal
